
Microsoft Visual Studio Solution File, Format Version 12.00
# Visual Studio Version 16
VisualStudioVersion = 16.0.31410.357
MinimumVisualStudioVersion = 10.0.40219.1
Project("{9A19103F-16F7-4668-BE54-9A1E7A4F7556}") = "ManBrewingApi", "ManBrewingApi\ManBrewingApi.csproj", "{52543C6E-3F3B-490E-8975-520591B5C799}"
EndProject
Project("{9A19103F-16F7-4668-BE54-9A1E7A4F7556}") = "Repository", "Repository\Repository.csproj", "{D5C921BD-FB00-46CC-9B41-518E7682A7A0}"
EndProject
Project("{9A19103F-16F7-4668-BE54-9A1E7A4F7556}") = "Core", "Core\Core.csproj", "{D5283A16-9D37-4EAA-B621-F4C415F9E732}"
EndProject
Project("{FAE04EC0-301F-11D3-BF4B-00C04F79EFBC}") = "ExternalApis", "ExternalApis\ExternalApis.csproj", "{7AB676D1-A6F3-4566-A4CA-83B6F68BB785}"
EndProject
Global
	GlobalSection(SolutionConfigurationPlatforms) = preSolution
		Debug|Any CPU = Debug|Any CPU
		Release|Any CPU = Release|Any CPU
	EndGlobalSection
	GlobalSection(ProjectConfigurationPlatforms) = postSolution
		{52543C6E-3F3B-490E-8975-520591B5C799}.Debug|Any CPU.ActiveCfg = Debug|Any CPU
		{52543C6E-3F3B-490E-8975-520591B5C799}.Debug|Any CPU.Build.0 = Debug|Any CPU
		{52543C6E-3F3B-490E-8975-520591B5C799}.Release|Any CPU.ActiveCfg = Release|Any CPU
		{52543C6E-3F3B-490E-8975-520591B5C799}.Release|Any CPU.Build.0 = Release|Any CPU
		{D5C921BD-FB00-46CC-9B41-518E7682A7A0}.Debug|Any CPU.ActiveCfg = Debug|Any CPU
		{D5C921BD-FB00-46CC-9B41-518E7682A7A0}.Debug|Any CPU.Build.0 = Debug|Any CPU
		{D5C921BD-FB00-46CC-9B41-518E7682A7A0}.Release|Any CPU.ActiveCfg = Release|Any CPU
		{D5C921BD-FB00-46CC-9B41-518E7682A7A0}.Release|Any CPU.Build.0 = Release|Any CPU
		{D5283A16-9D37-4EAA-B621-F4C415F9E732}.Debug|Any CPU.ActiveCfg = Debug|Any CPU
		{D5283A16-9D37-4EAA-B621-F4C415F9E732}.Debug|Any CPU.Build.0 = Debug|Any CPU
		{D5283A16-9D37-4EAA-B621-F4C415F9E732}.Release|Any CPU.ActiveCfg = Release|Any CPU
		{D5283A16-9D37-4EAA-B621-F4C415F9E732}.Release|Any CPU.Build.0 = Release|Any CPU
		{7AB676D1-A6F3-4566-A4CA-83B6F68BB785}.Debug|Any CPU.ActiveCfg = Debug|Any CPU
		{7AB676D1-A6F3-4566-A4CA-83B6F68BB785}.Debug|Any CPU.Build.0 = Debug|Any CPU
		{7AB676D1-A6F3-4566-A4CA-83B6F68BB785}.Release|Any CPU.ActiveCfg = Release|Any CPU
		{7AB676D1-A6F3-4566-A4CA-83B6F68BB785}.Release|Any CPU.Build.0 = Release|Any CPU
	EndGlobalSection
	GlobalSection(SolutionProperties) = preSolution
		HideSolutionNode = FALSE
	EndGlobalSection
	GlobalSection(ExtensibilityGlobals) = postSolution
		SolutionGuid = {11768290-F09D-4029-9D77-9F0CBAAAF930}
	EndGlobalSection
EndGlobal
